
Microsoft Visual Studio Solution File, Format Version 11.00
# Visual Studio 2010
# SharpDevelop 4.2.1.8805
Project("{2150E333-8FDC-42A3-9474-1A3956D46DE8}") = "OpenWrap", "OpenWrap", "{8E7A4727-4267-4E8F-94CA-A263D2BA4011}"
	ProjectSection(SolutionItems) = postProject
		Jackdaw.wrapdesc = Jackdaw.wrapdesc
		version = version
		.gitignore = .gitignore
		Jackdaw.tests.wrapdesc = Jackdaw.tests.wrapdesc
	EndProjectSection
EndProject
Project("{2150E333-8FDC-42A3-9474-1A3956D46DE8}") = "Data", "Data", "{377DAA4D-A161-499C-8260-BC32F367CD57}"
	ProjectSection(SolutionItems) = postProject
	EndProjectSection
EndProject
Project("{2150E333-8FDC-42A3-9474-1A3956D46DE8}") = "Boundaries", "Boundaries", "{E9B7EA24-EC6E-4F8A-9D1E-D126909984F3}"
	ProjectSection(SolutionItems) = postProject
		src\Jackdaw.Tests\Data\Boundaries\county_region.shp = src\Jackdaw.Tests\Data\Boundaries\county_region.shp
	EndProjectSection
EndProject
Project("{FAE04EC0-301F-11D3-BF4B-00C04F79EFBC}") = "Jackdaw", "src\Jackdaw\Jackdaw.csproj", "{D3E54789-3849-4A67-ABA5-024B1608BA3D}"
EndProject
Project("{FAE04EC0-301F-11D3-BF4B-00C04F79EFBC}") = "Jackdaw.Tests", "src\Jackdaw.Tests\Jackdaw.Tests.csproj", "{5A254EDC-D0A5-4B17-9987-D89164DD464F}"
EndProject
Global
	GlobalSection(SolutionConfigurationPlatforms) = preSolution
		Debug|x86 = Debug|x86
		Release|x86 = Release|x86
	EndGlobalSection
	GlobalSection(ProjectConfigurationPlatforms) = postSolution
		{D3E54789-3849-4A67-ABA5-024B1608BA3D}.Debug|x86.Build.0 = Debug|x86
		{D3E54789-3849-4A67-ABA5-024B1608BA3D}.Debug|x86.ActiveCfg = Debug|x86
		{D3E54789-3849-4A67-ABA5-024B1608BA3D}.Release|x86.Build.0 = Release|x86
		{D3E54789-3849-4A67-ABA5-024B1608BA3D}.Release|x86.ActiveCfg = Release|x86
		{5A254EDC-D0A5-4B17-9987-D89164DD464F}.Debug|x86.Build.0 = Debug|x86
		{5A254EDC-D0A5-4B17-9987-D89164DD464F}.Debug|x86.ActiveCfg = Debug|x86
		{5A254EDC-D0A5-4B17-9987-D89164DD464F}.Release|x86.Build.0 = Release|x86
		{5A254EDC-D0A5-4B17-9987-D89164DD464F}.Release|x86.ActiveCfg = Release|x86
	EndGlobalSection
	GlobalSection(NestedProjects) = preSolution
		{E9B7EA24-EC6E-4F8A-9D1E-D126909984F3} = {377DAA4D-A161-499C-8260-BC32F367CD57}
	EndGlobalSection
EndGlobal
